
Microsoft Visual Studio Solution File, Format Version 12.00
# Visual Studio Version 17
VisualStudioVersion = 17.14.36414.22 d17.14
MinimumVisualStudioVersion = 10.0.40219.1
Project("{FAE04EC0-301F-11D3-BF4B-00C04F79EFBC}") = "LibSys", "LibSys.csproj", "{6AA48A1A-25E1-43B3-873A-AB4CAD74C7F1}"
EndProject
Global
	GlobalSection(SolutionConfigurationPlatforms) = preSolution
		Debug|Any CPU = Debug|Any CPU
		Release|Any CPU = Release|Any CPU
	EndGlobalSection
	GlobalSection(ProjectConfigurationPlatforms) = postSolution
		{6AA48A1A-25E1-43B3-873A-AB4CAD74C7F1}.Debug|Any CPU.ActiveCfg = Debug|Any CPU
		{6AA48A1A-25E1-43B3-873A-AB4CAD74C7F1}.Debug|Any CPU.Build.0 = Debug|Any CPU
		{6AA48A1A-25E1-43B3-873A-AB4CAD74C7F1}.Release|Any CPU.ActiveCfg = Release|Any CPU
		{6AA48A1A-25E1-43B3-873A-AB4CAD74C7F1}.Release|Any CPU.Build.0 = Release|Any CPU
	EndGlobalSection
	GlobalSection(SolutionProperties) = preSolution
		HideSolutionNode = FALSE
	EndGlobalSection
	GlobalSection(ExtensibilityGlobals) = postSolution
		SolutionGuid = {541E09C7-B02C-4EA6-A967-75F37BFBB133}
	EndGlobalSection
EndGlobal
